
Microsoft Visual Studio Solution File, Format Version 12.00
# Visual Studio Version 17
VisualStudioVersion = 17.1.32210.238
MinimumVisualStudioVersion = 10.0.40219.1
Project("{FAE04EC0-301F-11D3-BF4B-00C04F79EFBC}") = "King_of_the_Hill", "King_of_the_Hill\King_of_the_Hill.csproj", "{7B5065CD-0448-450A-93B5-EBC96D27C651}"
EndProject
Global
	GlobalSection(SolutionConfigurationPlatforms) = preSolution
		Debug|Any CPU = Debug|Any CPU
		Release|Any CPU = Release|Any CPU
	EndGlobalSection
	GlobalSection(ProjectConfigurationPlatforms) = postSolution
		{7B5065CD-0448-450A-93B5-EBC96D27C651}.Debug|Any CPU.ActiveCfg = Debug|Any CPU
		{7B5065CD-0448-450A-93B5-EBC96D27C651}.Debug|Any CPU.Build.0 = Debug|Any CPU
		{7B5065CD-0448-450A-93B5-EBC96D27C651}.Release|Any CPU.ActiveCfg = Release|Any CPU
		{7B5065CD-0448-450A-93B5-EBC96D27C651}.Release|Any CPU.Build.0 = Release|Any CPU
	EndGlobalSection
	GlobalSection(SolutionProperties) = preSolution
		HideSolutionNode = FALSE
	EndGlobalSection
	GlobalSection(ExtensibilityGlobals) = postSolution
		SolutionGuid = {ED7CDCB9-4B31-4AF1-AA09-116F536DFA0A}
	EndGlobalSection
EndGlobal
